
Microsoft Visual Studio Solution File, Format Version 12.00
# Visual Studio Version 17
VisualStudioVersion = 17.2.32602.215
MinimumVisualStudioVersion = 10.0.40219.1
Project("{FAE04EC0-301F-11D3-BF4B-00C04F79EFBC}") = "QLBHHuynhHiepThien", "QLBHHuynhHiepThien\QLBHHuynhHiepThien.csproj", "{B77E24AF-1050-4DB0-9E57-7FCFE4E1F66C}"
EndProject
Global
	GlobalSection(SolutionConfigurationPlatforms) = preSolution
		Debug|Any CPU = Debug|Any CPU
		Release|Any CPU = Release|Any CPU
	EndGlobalSection
	GlobalSection(ProjectConfigurationPlatforms) = postSolution
		{B77E24AF-1050-4DB0-9E57-7FCFE4E1F66C}.Debug|Any CPU.ActiveCfg = Debug|Any CPU
		{B77E24AF-1050-4DB0-9E57-7FCFE4E1F66C}.Debug|Any CPU.Build.0 = Debug|Any CPU
		{B77E24AF-1050-4DB0-9E57-7FCFE4E1F66C}.Release|Any CPU.ActiveCfg = Release|Any CPU
		{B77E24AF-1050-4DB0-9E57-7FCFE4E1F66C}.Release|Any CPU.Build.0 = Release|Any CPU
	EndGlobalSection
	GlobalSection(SolutionProperties) = preSolution
		HideSolutionNode = FALSE
	EndGlobalSection
	GlobalSection(ExtensibilityGlobals) = postSolution
		SolutionGuid = {DF5DCDAA-608D-4B08-BFBB-33C0C3A44B43}
	EndGlobalSection
EndGlobal
